// !$*UTF8*$!
{
	archiveVersion = 1;
	classes = {
	};
	objectVersion = 46;
	objects = {

/* Begin PBXBuildFile section */
		D14D5810197FB5DC00FC1357 /* Foundation.framework in Frameworks */ = {isa = PBXBuildFile; fileRef = D14D580F197FB5DC00FC1357 /* Foundation.framework */; };
		D14D5812197FB5DC00FC1357 /* CoreGraphics.framework in Frameworks */ = {isa = PBXBuildFile; fileRef = D14D5811197FB5DC00FC1357 /* CoreGraphics.framework */; };
		D14D5814197FB5DC00FC1357 /* UIKit.framework in Frameworks */ = {isa = PBXBuildFile; fileRef = D14D5813197FB5DC00FC1357 /* UIKit.framework */; };
		D14D581A197FB5DD00FC1357 /* InfoPlist.strings in Resources */ = {isa = PBXBuildFile; fileRef = D14D5818197FB5DD00FC1357 /* InfoPlist.strings */; };
		D14D581C197FB5DD00FC1357 /* main.m in Sources */ = {isa = PBXBuildFile; fileRef = D14D581B197FB5DD00FC1357 /* main.m */; };
		D14D5820197FB5DD00FC1357 /* AppDelegate.m in Sources */ = {isa = PBXBuildFile; fileRef = D14D581F197FB5DD00FC1357 /* AppDelegate.m */; };
		D14D5823197FB5DD00FC1357 /* Main.storyboard in Resources */ = {isa = PBXBuildFile; fileRef = D14D5821197FB5DD00FC1357 /* Main.storyboard */; };
		D14D5826197FB5DD00FC1357 /* ViewController.m in Sources */ = {isa = PBXBuildFile; fileRef = D14D5825197FB5DD00FC1357 /* ViewController.m */; };
		D14D5828197FB5DD00FC1357 /* Images.xcassets in Resources */ = {isa = PBXBuildFile; fileRef = D14D5827197FB5DD00FC1357 /* Images.xcassets */; };
		D14D582F197FB5DD00FC1357 /* XCTest.framework in Frameworks */ = {isa = PBXBuildFile; fileRef = D14D582E197FB5DD00FC1357 /* XCTest.framework */; };
		D14D5830197FB5DD00FC1357 /* Foundation.framework in Frameworks */ = {isa = PBXBuildFile; fileRef = D14D580F197FB5DC00FC1357 /* Foundation.framework */; };
		D14D5831197FB5DD00FC1357 /* UIKit.framework in Frameworks */ = {isa = PBXBuildFile; fileRef = D14D5813197FB5DC00FC1357 /* UIKit.framework */; };
		D14D5839197FB5DD00FC1357 /* InfoPlist.strings in Resources */ = {isa = PBXBuildFile; fileRef = D14D5837197FB5DD00FC1357 /* InfoPlist.strings */; };
		D14D583B197FB5DD00FC1357 /* SDK_Integration_TestTests.m in Sources */ = {isa = PBXBuildFile; fileRef = D14D583A197FB5DD00FC1357 /* SDK_Integration_TestTests.m */; };
		D14D5848197FE9CA00FC1357 /* MainViewController.m in Sources */ = {isa = PBXBuildFile; fileRef = D14D5846197FE9CA00FC1357 /* MainViewController.m */; };
		D14D5849197FE9CA00FC1357 /* MainViewController.xib in Resources */ = {isa = PBXBuildFile; fileRef = D14D5847197FE9CA00FC1357 /* MainViewController.xib */; };
/* End PBXBuildFile section */

/* Begin PBXContainerItemProxy section */
		D14D5832197FB5DD00FC1357 /* PBXContainerItemProxy */ = {
			isa = PBXContainerItemProxy;
			containerPortal = D14D5804197FB5DC00FC1357 /* Project object */;
			proxyType = 1;
			remoteGlobalIDString = D14D580B197FB5DC00FC1357;
			remoteInfo = "SDK Integration Test";
		};
/* End PBXContainerItemProxy section */

/* Begin PBXFileReference section */
		D14D580C197FB5DC00FC1357 /* SDK Integration Test.app */ = {isa = PBXFileReference; explicitFileType = wrapper.application; includeInIndex = 0; path = "SDK Integration Test.app"; sourceTree = BUILT_PRODUCTS_DIR; };
		D14D580F197FB5DC00FC1357 /* Foundation.framework */ = {isa = PBXFileReference; lastKnownFileType = wrapper.framework; name = Foundation.framework; path = System/Library/Frameworks/Foundation.framework; sourceTree = SDKROOT; };
		D14D5811197FB5DC00FC1357 /* CoreGraphics.framework */ = {isa = PBXFileReference; lastKnownFileType = wrapper.framework; name = CoreGraphics.framework; path = System/Library/Frameworks/CoreGraphics.framework; sourceTree = SDKROOT; };
		D14D5813197FB5DC00FC1357 /* UIKit.framework */ = {isa = PBXFileReference; lastKnownFileType = wrapper.framework; name = UIKit.framework; path = System/Library/Frameworks/UIKit.framework; sourceTree = SDKROOT; };
		D14D5817197FB5DD00FC1357 /* SDK Integration Test-Info.plist */ = {isa = PBXFileReference; lastKnownFileType = text.plist.xml; path = "SDK Integration Test-Info.plist"; sourceTree = "<group>"; };
		D14D5819197FB5DD00FC1357 /* en */ = {isa = PBXFileReference; lastKnownFileType = text.plist.strings; name = en; path = en.lproj/InfoPlist.strings; sourceTree = "<group>"; };
		D14D581B197FB5DD00FC1357 /* main.m */ = {isa = PBXFileReference; lastKnownFileType = sourcecode.c.objc; path = main.m; sourceTree = "<group>"; };
		D14D581D197FB5DD00FC1357 /* SDK Integration Test-Prefix.pch */ = {isa = PBXFileReference; lastKnownFileType = sourcecode.c.h; path = "SDK Integration Test-Prefix.pch"; sourceTree = "<group>"; };
		D14D581E197FB5DD00FC1357 /* AppDelegate.h */ = {isa = PBXFileReference; lastKnownFileType = sourcecode.c.h; path = AppDelegate.h; sourceTree = "<group>"; };
		D14D581F197FB5DD00FC1357 /* AppDelegate.m */ = {isa = PBXFileReference; lastKnownFileType = sourcecode.c.objc; path = AppDelegate.m; sourceTree = "<group>"; };
		D14D5822197FB5DD00FC1357 /* Base */ = {isa = PBXFileReference; lastKnownFileType = file.storyboard; name = Base; path = Base.lproj/Main.storyboard; sourceTree = "<group>"; };
		D14D5824197FB5DD00FC1357 /* ViewController.h */ = {isa = PBXFileReference; lastKnownFileType = sourcecode.c.h; path = ViewController.h; sourceTree = "<group>"; };
		D14D5825197FB5DD00FC1357 /* ViewController.m */ = {isa = PBXFileReference; lastKnownFileType = sourcecode.c.objc; path = ViewController.m; sourceTree = "<group>"; };
		D14D5827197FB5DD00FC1357 /* Images.xcassets */ = {isa = PBXFileReference; lastKnownFileType = folder.assetcatalog; path = Images.xcassets; sourceTree = "<group>"; };
		D14D582D197FB5DD00FC1357 /* SDK Integration TestTests.xctest */ = {isa = PBXFileReference; explicitFileType = wrapper.cfbundle; includeInIndex = 0; path = "SDK Integration TestTests.xctest"; sourceTree = BUILT_PRODUCTS_DIR; };
		D14D582E197FB5DD00FC1357 /* XCTest.framework */ = {isa = PBXFileReference; lastKnownFileType = wrapper.framework; name = XCTest.framework; path = Library/Frameworks/XCTest.framework; sourceTree = DEVELOPER_DIR; };
		D14D5836197FB5DD00FC1357 /* SDK Integration TestTests-Info.plist */ = {isa = PBXFileReference; lastKnownFileType = text.plist.xml; path = "SDK Integration TestTests-Info.plist"; sourceTree = "<group>"; };
		D14D5838197FB5DD00FC1357 /* en */ = {isa = PBXFileReference; lastKnownFileType = text.plist.strings; name = en; path = en.lproj/InfoPlist.strings; sourceTree = "<group>"; };
		D14D583A197FB5DD00FC1357 /* SDK_Integration_TestTests.m */ = {isa = PBXFileReference; lastKnownFileType = sourcecode.c.objc; path = SDK_Integration_TestTests.m; sourceTree = "<group>"; };
		D14D5845197FE9CA00FC1357 /* MainViewController.h */ = {isa = PBXFileReference; fileEncoding = 4; lastKnownFileType = sourcecode.c.h; path = MainViewController.h; sourceTree = "<group>"; };
		D14D5846197FE9CA00FC1357 /* MainViewController.m */ = {isa = PBXFileReference; fileEncoding = 4; lastKnownFileType = sourcecode.c.objc; path = MainViewController.m; sourceTree = "<group>"; };
		D14D5847197FE9CA00FC1357 /* MainViewController.xib */ = {isa = PBXFileReference; fileEncoding = 4; lastKnownFileType = file.xib; path = MainViewController.xib; sourceTree = "<group>"; };
/* End PBXFileReference section */

/* Begin PBXFrameworksBuildPhase section */
		D14D5809197FB5DC00FC1357 /* Frameworks */ = {
			isa = PBXFrameworksBuildPhase;
			buildActionMask = 2147483647;
			files = (
				D14D5812197FB5DC00FC1357 /* CoreGraphics.framework in Frameworks */,
				D14D5814197FB5DC00FC1357 /* UIKit.framework in Frameworks */,
				D14D5810197FB5DC00FC1357 /* Foundation.framework in Frameworks */,
			);
			runOnlyForDeploymentPostprocessing = 0;
		};
		D14D582A197FB5DD00FC1357 /* Frameworks */ = {
			isa = PBXFrameworksBuildPhase;
			buildActionMask = 2147483647;
			files = (
				D14D582F197FB5DD00FC1357 /* XCTest.framework in Frameworks */,
				D14D5831197FB5DD00FC1357 /* UIKit.framework in Frameworks */,
				D14D5830197FB5DD00FC1357 /* Foundation.framework in Frameworks */,
			);
			runOnlyForDeploymentPostprocessing = 0;
		};
/* End PBXFrameworksBuildPhase section */

/* Begin PBXGroup section */
		D14D5803197FB5DC00FC1357 = {
			isa = PBXGroup;
			children = (
				D14D5815197FB5DC00FC1357 /* SDK Integration Test */,
				D14D5834197FB5DD00FC1357 /* SDK Integration TestTests */,
				D14D580E197FB5DC00FC1357 /* Frameworks */,
				D14D580D197FB5DC00FC1357 /* Products */,
			);
			sourceTree = "<group>";
		};
		D14D580D197FB5DC00FC1357 /* Products */ = {
			isa = PBXGroup;
			children = (
				D14D580C197FB5DC00FC1357 /* SDK Integration Test.app */,
				D14D582D197FB5DD00FC1357 /* SDK Integration TestTests.xctest */,
			);
			name = Products;
			sourceTree = "<group>";
		};
		D14D580E197FB5DC00FC1357 /* Frameworks */ = {
			isa = PBXGroup;
			children = (
				D14D580F197FB5DC00FC1357 /* Foundation.framework */,
				D14D5811197FB5DC00FC1357 /* CoreGraphics.framework */,
				D14D5813197FB5DC00FC1357 /* UIKit.framework */,
				D14D582E197FB5DD00FC1357 /* XCTest.framework */,
			);
			name = Frameworks;
			sourceTree = "<group>";
		};
		D14D5815197FB5DC00FC1357 /* SDK Integration Test */ = {
			isa = PBXGroup;
			children = (
				D14D5844197FB7B700FC1357 /* iPad */,
				D14D581E197FB5DD00FC1357 /* AppDelegate.h */,
				D14D581F197FB5DD00FC1357 /* AppDelegate.m */,
				D14D5821197FB5DD00FC1357 /* Main.storyboard */,
				D14D5845197FE9CA00FC1357 /* MainViewController.h */,
				D14D5846197FE9CA00FC1357 /* MainViewController.m */,
				D14D5847197FE9CA00FC1357 /* MainViewController.xib */,
				D14D5824197FB5DD00FC1357 /* ViewController.h */,
				D14D5825197FB5DD00FC1357 /* ViewController.m */,
				D14D5827197FB5DD00FC1357 /* Images.xcassets */,
				D14D5816197FB5DD00FC1357 /* Supporting Files */,
			);
			path = "SDK Integration Test";
			sourceTree = "<group>";
		};
		D14D5816197FB5DD00FC1357 /* Supporting Files */ = {
			isa = PBXGroup;
			children = (
				D14D5817197FB5DD00FC1357 /* SDK Integration Test-Info.plist */,
				D14D5818197FB5DD00FC1357 /* InfoPlist.strings */,
				D14D581B197FB5DD00FC1357 /* main.m */,
				D14D581D197FB5DD00FC1357 /* SDK Integration Test-Prefix.pch */,
			);
			name = "Supporting Files";
			sourceTree = "<group>";
		};
		D14D5834197FB5DD00FC1357 /* SDK Integration TestTests */ = {
			isa = PBXGroup;
			children = (
				D14D583A197FB5DD00FC1357 /* SDK_Integration_TestTests.m */,
				D14D5835197FB5DD00FC1357 /* Supporting Files */,
			);
			path = "SDK Integration TestTests";
			sourceTree = "<group>";
		};
		D14D5835197FB5DD00FC1357 /* Supporting Files */ = {
			isa = PBXGroup;
			children = (
				D14D5836197FB5DD00FC1357 /* SDK Integration TestTests-Info.plist */,
				D14D5837197FB5DD00FC1357 /* InfoPlist.strings */,
			);
			name = "Supporting Files";
			sourceTree = "<group>";
		};
		D14D5844197FB7B700FC1357 /* iPad */ = {
			isa = PBXGroup;
			children = (
			);
			name = iPad;
			sourceTree = "<group>";
		};
/* End PBXGroup section */

/* Begin PBXNativeTarget section */
		D14D580B197FB5DC00FC1357 /* SDK Integration Test */ = {
			isa = PBXNativeTarget;
			buildConfigurationList = D14D583E197FB5DD00FC1357 /* Build configuration list for PBXNativeTarget "SDK Integration Test" */;
			buildPhases = (
				D14D5808197FB5DC00FC1357 /* Sources */,
				D14D5809197FB5DC00FC1357 /* Frameworks */,
				D14D580A197FB5DC00FC1357 /* Resources */,
			);
			buildRules = (
			);
			dependencies = (
			);
			name = "SDK Integration Test";
			productName = "SDK Integration Test";
			productReference = D14D580C197FB5DC00FC1357 /* SDK Integration Test.app */;
			productType = "com.apple.product-type.application";
		};
		D14D582C197FB5DD00FC1357 /* SDK Integration TestTests */ = {
			isa = PBXNativeTarget;
			buildConfigurationList = D14D5841197FB5DD00FC1357 /* Build configuration list for PBXNativeTarget "SDK Integration TestTests" */;
			buildPhases = (
				D14D5829197FB5DD00FC1357 /* Sources */,
				D14D582A197FB5DD00FC1357 /* Frameworks */,
				D14D582B197FB5DD00FC1357 /* Resources */,
			);
			buildRules = (
			);
			dependencies = (
				D14D5833197FB5DD00FC1357 /* PBXTargetDependency */,
			);
			name = "SDK Integration TestTests";
			productName = "SDK Integration TestTests";
			productReference = D14D582D197FB5DD00FC1357 /* SDK Integration TestTests.xctest */;
			productType = "com.apple.product-type.bundle.unit-test";
		};
/* End PBXNativeTarget section */

/* Begin PBXProject section */
		D14D5804197FB5DC00FC1357 /* Project object */ = {
			isa = PBXProject;
			attributes = {
				LastUpgradeCheck = 0510;
				ORGANIZATIONNAME = SponsorPay;
				TargetAttributes = {
					D14D582C197FB5DD00FC1357 = {
						TestTargetID = D14D580B197FB5DC00FC1357;
					};
				};
			};
			buildConfigurationList = D14D5807197FB5DC00FC1357 /* Build configuration list for PBXProject "SDK Integration Test" */;
			compatibilityVersion = "Xcode 3.2";
			developmentRegion = English;
			hasScannedForEncodings = 0;
			knownRegions = (
				en,
				Base,
			);
			mainGroup = D14D5803197FB5DC00FC1357;
			productRefGroup = D14D580D197FB5DC00FC1357 /* Products */;
			projectDirPath = "";
			projectRoot = "";
			targets = (
				D14D580B197FB5DC00FC1357 /* SDK Integration Test */,
				D14D582C197FB5DD00FC1357 /* SDK Integration TestTests */,
			);
		};
/* End PBXProject section */

/* Begin PBXResourcesBuildPhase section */
		D14D580A197FB5DC00FC1357 /* Resources */ = {
			isa = PBXResourcesBuildPhase;
			buildActionMask = 2147483647;
			files = (
				D14D5828197FB5DD00FC1357 /* Images.xcassets in Resources */,
				D14D581A197FB5DD00FC1357 /* InfoPlist.strings in Resources */,
				D14D5823197FB5DD00FC1357 /* Main.storyboard in Resources */,
				D14D5849197FE9CA00FC1357 /* MainViewController.xib in Resources */,
			);
			runOnlyForDeploymentPostprocessing = 0;
		};
		D14D582B197FB5DD00FC1357 /* Resources */ = {
			isa = PBXResourcesBuildPhase;
			buildActionMask = 2147483647;
			files = (
				D14D5839197FB5DD00FC1357 /* InfoPlist.strings in Resources */,
			);
			runOnlyForDeploymentPostprocessing = 0;
		};
/* End PBXResourcesBuildPhase section */

/* Begin PBXSourcesBuildPhase section */
		D14D5808197FB5DC00FC1357 /* Sources */ = {
			isa = PBXSourcesBuildPhase;
			buildActionMask = 2147483647;
			files = (
				D14D5826197FB5DD00FC1357 /* ViewController.m in Sources */,
				D14D5820197FB5DD00FC1357 /* AppDelegate.m in Sources */,
				D14D581C197FB5DD00FC1357 /* main.m in Sources */,
				D14D5848197FE9CA00FC1357 /* MainViewController.m in Sources */,
			);
			runOnlyForDeploymentPostprocessing = 0;
		};
		D14D5829197FB5DD00FC1357 /* Sources */ = {
			isa = PBXSourcesBuildPhase;
			buildActionMask = 2147483647;
			files = (
				D14D583B197FB5DD00FC1357 /* SDK_Integration_TestTests.m in Sources */,
			);
			runOnlyForDeploymentPostprocessing = 0;
		};
/* End PBXSourcesBuildPhase section */

/* Begin PBXTargetDependency section */
		D14D5833197FB5DD00FC1357 /* PBXTargetDependency */ = {
			isa = PBXTargetDependency;
			target = D14D580B197FB5DC00FC1357 /* SDK Integration Test */;
			targetProxy = D14D5832197FB5DD00FC1357 /* PBXContainerItemProxy */;
		};
/* End PBXTargetDependency section */

/* Begin PBXVariantGroup section */
		D14D5818197FB5DD00FC1357 /* InfoPlist.strings */ = {
			isa = PBXVariantGroup;
			children = (
				D14D5819197FB5DD00FC1357 /* en */,
			);
			name = InfoPlist.strings;
			sourceTree = "<group>";
		};
		D14D5821197FB5DD00FC1357 /* Main.storyboard */ = {
			isa = PBXVariantGroup;
			children = (
				D14D5822197FB5DD00FC1357 /* Base */,
			);
			name = Main.storyboard;
			sourceTree = "<group>";
		};
		D14D5837197FB5DD00FC1357 /* InfoPlist.strings */ = {
			isa = PBXVariantGroup;
			children = (
				D14D5838197FB5DD00FC1357 /* en */,
			);
			name = InfoPlist.strings;
			sourceTree = "<group>";
		};
/* End PBXVariantGroup section */

/* Begin XCBuildConfiguration section */
		D14D583C197FB5DD00FC1357 /* Debug */ = {
			isa = XCBuildConfiguration;
			buildSettings = {
				ALWAYS_SEARCH_USER_PATHS = NO;
				CLANG_CXX_LANGUAGE_STANDARD = "gnu++0x";
				CLANG_CXX_LIBRARY = "libc++";
				CLANG_ENABLE_MODULES = YES;
				CLANG_ENABLE_OBJC_ARC = YES;
				CLANG_WARN_BOOL_CONVERSION = YES;
				CLANG_WARN_CONSTANT_CONVERSION = YES;
				CLANG_WARN_DIRECT_OBJC_ISA_USAGE = YES_ERROR;
				CLANG_WARN_EMPTY_BODY = YES;
				CLANG_WARN_ENUM_CONVERSION = YES;
				CLANG_WARN_INT_CONVERSION = YES;
				CLANG_WARN_OBJC_ROOT_CLASS = YES_ERROR;
				CLANG_WARN__DUPLICATE_METHOD_MATCH = YES;
				"CODE_SIGN_IDENTITY[sdk=iphoneos*]" = "iPhone Developer";
				COPY_PHASE_STRIP = NO;
				GCC_C_LANGUAGE_STANDARD = gnu99;
				GCC_DYNAMIC_NO_PIC = NO;
				GCC_OPTIMIZATION_LEVEL = 0;
				GCC_PREPROCESSOR_DEFINITIONS = (
					"DEBUG=1",
					"$(inherited)",
				);
				GCC_SYMBOLS_PRIVATE_EXTERN = NO;
				GCC_WARN_64_TO_32_BIT_CONVERSION = YES;
				GCC_WARN_ABOUT_RETURN_TYPE = YES_ERROR;
				GCC_WARN_UNDECLARED_SELECTOR = YES;
				GCC_WARN_UNINITIALIZED_AUTOS = YES_AGGRESSIVE;
				GCC_WARN_UNUSED_FUNCTION = YES;
				GCC_WARN_UNUSED_VARIABLE = YES;
				IPHONEOS_DEPLOYMENT_TARGET = 7.1;
				ONLY_ACTIVE_ARCH = YES;
				SDKROOT = iphoneos;
			};
			name = Debug;
		};
		D14D583D197FB5DD00FC1357 /* Release */ = {
			isa = XCBuildConfiguration;
			buildSettings = {
				ALWAYS_SEARCH_USER_PATHS = NO;
				CLANG_CXX_LANGUAGE_STANDARD = "gnu++0x";
				CLANG_CXX_LIBRARY = "libc++";
				CLANG_ENABLE_MODULES = YES;
				CLANG_ENABLE_OBJC_ARC = YES;
				CLANG_WARN_BOOL_CONVERSION = YES;
				CLANG_WARN_CONSTANT_CONVERSION = YES;
				CLANG_WARN_DIRECT_OBJC_ISA_USAGE = YES_ERROR;
				CLANG_WARN_EMPTY_BODY = YES;
				CLANG_WARN_ENUM_CONVERSION = YES;
				CLANG_WARN_INT_CONVERSION = YES;
				CLANG_WARN_OBJC_ROOT_CLASS = YES_ERROR;
				CLANG_WARN__DUPLICATE_METHOD_MATCH = YES;
				"CODE_SIGN_IDENTITY[sdk=iphoneos*]" = "iPhone Developer";
				COPY_PHASE_STRIP = YES;
				ENABLE_NS_ASSERTIONS = NO;
				GCC_C_LANGUAGE_STANDARD = gnu99;
				GCC_WARN_64_TO_32_BIT_CONVERSION = YES;
				GCC_WARN_ABOUT_RETURN_TYPE = YES_ERROR;
				GCC_WARN_UNDECLARED_SELECTOR = YES;
				GCC_WARN_UNINITIALIZED_AUTOS = YES_AGGRESSIVE;
				GCC_WARN_UNUSED_FUNCTION = YES;
				GCC_WARN_UNUSED_VARIABLE = YES;
				IPHONEOS_DEPLOYMENT_TARGET = 7.1;
				SDKROOT = iphoneos;
				VALIDATE_PRODUCT = YES;
			};
			name = Release;
		};
		D14D583F197FB5DD00FC1357 /* Debug */ = {
			isa = XCBuildConfiguration;
			buildSettings = {
				ASSETCATALOG_COMPILER_APPICON_NAME = AppIcon;
				ASSETCATALOG_COMPILER_LAUNCHIMAGE_NAME = LaunchImage;
				CODE_SIGN_IDENTITY = "iPhone Developer";
				GCC_PRECOMPILE_PREFIX_HEADER = YES;
				GCC_PREFIX_HEADER = "SDK Integration Test/SDK Integration Test-Prefix.pch";
				INFOPLIST_FILE = "SDK Integration Test/SDK Integration Test-Info.plist";
				IPHONEOS_DEPLOYMENT_TARGET = 7.1;
				PRODUCT_NAME = "$(TARGET_NAME)";
				TARGETED_DEVICE_FAMILY = "1,2";
				WRAPPER_EXTENSION = app;
			};
			name = Debug;
		};
		D14D5840197FB5DD00FC1357 /* Release */ = {
			isa = XCBuildConfiguration;
			buildSettings = {
				ASSETCATALOG_COMPILER_APPICON_NAME = AppIcon;
				ASSETCATALOG_COMPILER_LAUNCHIMAGE_NAME = LaunchImage;
				CODE_SIGN_IDENTITY = "iPhone Developer";
				GCC_PRECOMPILE_PREFIX_HEADER = YES;
				GCC_PREFIX_HEADER = "SDK Integration Test/SDK Integration Test-Prefix.pch";
				INFOPLIST_FILE = "SDK Integration Test/SDK Integration Test-Info.plist";
				IPHONEOS_DEPLOYMENT_TARGET = 7.1;
				PRODUCT_NAME = "$(TARGET_NAME)";
				TARGETED_DEVICE_FAMILY = "1,2";
				WRAPPER_EXTENSION = app;
			};
			name = Release;
		};
		D14D5842197FB5DD00FC1357 /* Debug */ = {
			isa = XCBuildConfiguration;
			buildSettings = {
				BUNDLE_LOADER = "$(BUILT_PRODUCTS_DIR)/SDK Integration Test.app/SDK Integration Test";
				FRAMEWORK_SEARCH_PATHS = (
					"$(SDKROOT)/Developer/Library/Frameworks",
					"$(inherited)",
					"$(DEVELOPER_FRAMEWORKS_DIR)",
				);
				GCC_PRECOMPILE_PREFIX_HEADER = YES;
				GCC_PREFIX_HEADER = "SDK Integration Test/SDK Integration Test-Prefix.pch";
				GCC_PREPROCESSOR_DEFINITIONS = (
					"DEBUG=1",
					"$(inherited)",
				);
				INFOPLIST_FILE = "SDK Integration TestTests/SDK Integration TestTests-Info.plist";
				PRODUCT_NAME = "$(TARGET_NAME)";
				TEST_HOST = "$(BUNDLE_LOADER)";
				WRAPPER_EXTENSION = xctest;
			};
			name = Debug;
		};
		D14D5843197FB5DD00FC1357 /* Release */ = {
			isa = XCBuildConfiguration;
			buildSettings = {
				BUNDLE_LOADER = "$(BUILT_PRODUCTS_DIR)/SDK Integration Test.app/SDK Integration Test";
				FRAMEWORK_SEARCH_PATHS = (
					"$(SDKROOT)/Developer/Library/Frameworks",
					"$(inherited)",
					"$(DEVELOPER_FRAMEWORKS_DIR)",
				);
				GCC_PRECOMPILE_PREFIX_HEADER = YES;
				GCC_PREFIX_HEADER = "SDK Integration Test/SDK Integration Test-Prefix.pch";
				INFOPLIST_FILE = "SDK Integration TestTests/SDK Integration TestTests-Info.plist";
				PRODUCT_NAME = "$(TARGET_NAME)";
				TEST_HOST = "$(BUNDLE_LOADER)";
				WRAPPER_EXTENSION = xctest;
			};
			name = Release;
		};
/* End XCBuildConfiguration section */

/* Begin XCConfigurationList section */
		D14D5807197FB5DC00FC1357 /* Build configuration list for PBXProject "SDK Integration Test" */ = {
			isa = XCConfigurationList;
			buildConfigurations = (
				D14D583C197FB5DD00FC1357 /* Debug */,
				D14D583D197FB5DD00FC1357 /* Release */,
			);
			defaultConfigurationIsVisible = 0;
			defaultConfigurationName = Release;
		};
		D14D583E197FB5DD00FC1357 /* Build configuration list for PBXNativeTarget "SDK Integration Test" */ = {
			isa = XCConfigurationList;
			buildConfigurations = (
				D14D583F197FB5DD00FC1357 /* Debug */,
				D14D5840197FB5DD00FC1357 /* Release */,
			);
			defaultConfigurationIsVisible = 0;
			defaultConfigurationName = Release;
		};
		D14D5841197FB5DD00FC1357 /* Build configuration list for PBXNativeTarget "SDK Integration TestTests" */ = {
			isa = XCConfigurationList;
			buildConfigurations = (
				D14D5842197FB5DD00FC1357 /* Debug */,
				D14D5843197FB5DD00FC1357 /* Release */,
			);
			defaultConfigurationIsVisible = 0;
			defaultConfigurationName = Release;
		};
/* End XCConfigurationList section */
	};
	rootObject = D14D5804197FB5DC00FC1357 /* Project object */;
}
